
Microsoft Visual Studio Solution File, Format Version 12.00
# Visual Studio Version 17
VisualStudioVersion = 17.4.33122.133
MinimumVisualStudioVersion = 10.0.40219.1
Project("{FAE04EC0-301F-11D3-BF4B-00C04F79EFBC}") = "Proje4", "Proje4\Proje4.csproj", "{ED206F46-F75D-437B-AE34-FCDEB6F90E68}"
EndProject
Global
	GlobalSection(SolutionConfigurationPlatforms) = preSolution
		Debug|Any CPU = Debug|Any CPU
		Release|Any CPU = Release|Any CPU
	EndGlobalSection
	GlobalSection(ProjectConfigurationPlatforms) = postSolution
		{ED206F46-F75D-437B-AE34-FCDEB6F90E68}.Debug|Any CPU.ActiveCfg = Debug|Any CPU
		{ED206F46-F75D-437B-AE34-FCDEB6F90E68}.Debug|Any CPU.Build.0 = Debug|Any CPU
		{ED206F46-F75D-437B-AE34-FCDEB6F90E68}.Release|Any CPU.ActiveCfg = Release|Any CPU
		{ED206F46-F75D-437B-AE34-FCDEB6F90E68}.Release|Any CPU.Build.0 = Release|Any CPU
	EndGlobalSection
	GlobalSection(SolutionProperties) = preSolution
		HideSolutionNode = FALSE
	EndGlobalSection
	GlobalSection(ExtensibilityGlobals) = postSolution
		SolutionGuid = {AFF3B129-0DE0-420B-8A8D-F179ECD0BF1E}
	EndGlobalSection
EndGlobal
